
Microsoft Visual Studio Solution File, Format Version 12.00
# Visual Studio Version 17
VisualStudioVersion = 17.4.33213.308
MinimumVisualStudioVersion = 10.0.40219.1
Project("{FAE04EC0-301F-11D3-BF4B-00C04F79EFBC}") = "At yarışı en güncel ve en son hali", "At yarışı en güncel ve en son hali.csproj", "{8E4B490C-B59D-4FA9-81F1-3D9996B90B42}"
EndProject
Global
	GlobalSection(SolutionConfigurationPlatforms) = preSolution
		Debug|Any CPU = Debug|Any CPU
		Release|Any CPU = Release|Any CPU
	EndGlobalSection
	GlobalSection(ProjectConfigurationPlatforms) = postSolution
		{8E4B490C-B59D-4FA9-81F1-3D9996B90B42}.Debug|Any CPU.ActiveCfg = Debug|Any CPU
		{8E4B490C-B59D-4FA9-81F1-3D9996B90B42}.Debug|Any CPU.Build.0 = Debug|Any CPU
		{8E4B490C-B59D-4FA9-81F1-3D9996B90B42}.Release|Any CPU.ActiveCfg = Release|Any CPU
		{8E4B490C-B59D-4FA9-81F1-3D9996B90B42}.Release|Any CPU.Build.0 = Release|Any CPU
	EndGlobalSection
	GlobalSection(SolutionProperties) = preSolution
		HideSolutionNode = FALSE
	EndGlobalSection
	GlobalSection(ExtensibilityGlobals) = postSolution
		SolutionGuid = {C9C44171-EDEE-4D06-9460-4B659E915399}
	EndGlobalSection
EndGlobal
